
Microsoft Visual Studio Solution File, Format Version 12.00
# Visual Studio Version 17
VisualStudioVersion = 17.14.36203.30 d17.14
MinimumVisualStudioVersion = 10.0.40219.1
Project("{FAE04EC0-301F-11D3-BF4B-00C04F79EFBC}") = "WarApi", "WarApi.csproj", "{8EF5A6B5-7D9F-4B82-8AE1-0155B6EDB8BD}"
EndProject
Global
	GlobalSection(SolutionConfigurationPlatforms) = preSolution
		Debug|Any CPU = Debug|Any CPU
		Release|Any CPU = Release|Any CPU
	EndGlobalSection
	GlobalSection(ProjectConfigurationPlatforms) = postSolution
		{8EF5A6B5-7D9F-4B82-8AE1-0155B6EDB8BD}.Debug|Any CPU.ActiveCfg = Debug|Any CPU
		{8EF5A6B5-7D9F-4B82-8AE1-0155B6EDB8BD}.Debug|Any CPU.Build.0 = Debug|Any CPU
		{8EF5A6B5-7D9F-4B82-8AE1-0155B6EDB8BD}.Release|Any CPU.ActiveCfg = Release|Any CPU
		{8EF5A6B5-7D9F-4B82-8AE1-0155B6EDB8BD}.Release|Any CPU.Build.0 = Release|Any CPU
	EndGlobalSection
	GlobalSection(SolutionProperties) = preSolution
		HideSolutionNode = FALSE
	EndGlobalSection
	GlobalSection(ExtensibilityGlobals) = postSolution
		SolutionGuid = {3631131C-3929-48EC-A00A-60C7A025BB80}
	EndGlobalSection
EndGlobal
